
Microsoft Visual Studio Solution File, Format Version 12.00
# Visual Studio Version 17
VisualStudioVersion = 17.0.31903.59
MinimumVisualStudioVersion = 10.0.40219.1
Project("{2150E333-8FDC-42A3-9474-1A3956D46DE8}") = "src", "src", "{827E0CD3-B72D-47B6-A68D-7590B98EB39B}"
EndProject
Project("{FAE04EC0-301F-11D3-BF4B-00C04F79EFBC}") = "Hushward.Core", "src\Hushward.Core\Hushward.Core.csproj", "{A4E4281C-D974-464E-9B5D-F018A02ACB73}"
EndProject
Project("{FAE04EC0-301F-11D3-BF4B-00C04F79EFBC}") = "Hushward.Application", "src\Hushward.Application\Hushward.Application.csproj", "{4BF9EE9F-1F4C-4C01-A196-8A3AEF57BE0E}"
EndProject
Project("{FAE04EC0-301F-11D3-BF4B-00C04F79EFBC}") = "Hushward.Infrastructure", "src\Hushward.Infrastructure\Hushward.Infrastructure.csproj", "{60E75870-A706-4E1E-890C-18DC95DA33F7}"
EndProject
Project("{FAE04EC0-301F-11D3-BF4B-00C04F79EFBC}") = "Hushward.App", "src\Hushward.App\Hushward.App.csproj", "{230C7A6D-58B5-4EEB-BAB2-5865401684D6}"
EndProject
Project("{2150E333-8FDC-42A3-9474-1A3956D46DE8}") = "tests", "tests", "{0AB3BF05-4346-4AA6-1389-037BE0695223}"
EndProject
Project("{FAE04EC0-301F-11D3-BF4B-00C04F79EFBC}") = "Hushward.Core.Tests", "tests\Hushward.Core.Tests\Hushward.Core.Tests.csproj", "{DF293160-54CD-45B8-A7C7-C273A2EDF280}"
EndProject
Project("{FAE04EC0-301F-11D3-BF4B-00C04F79EFBC}") = "Hushward.Application.Tests", "tests\Hushward.Application.Tests\Hushward.Application.Tests.csproj", "{A5925D73-8045-4D2F-AA7C-2D2F8A71E3AB}"
EndProject
Project("{FAE04EC0-301F-11D3-BF4B-00C04F79EFBC}") = "Hushward.Infrastructure.Tests", "tests\Hushward.Infrastructure.Tests\Hushward.Infrastructure.Tests.csproj", "{4104DF68-31F3-4A9F-8DA8-C5905BEA96AF}"
EndProject
Project("{FAE04EC0-301F-11D3-BF4B-00C04F79EFBC}") = "Hushward.App.Tests", "tests\Hushward.App.Tests\Hushward.App.Tests.csproj", "{772A3751-F526-420B-B10D-5D7F59B020B7}"
EndProject
Global
	GlobalSection(SolutionConfigurationPlatforms) = preSolution
		Debug|Any CPU = Debug|Any CPU
		Debug|x64 = Debug|x64
		Debug|x86 = Debug|x86
		Release|Any CPU = Release|Any CPU
		Release|x64 = Release|x64
		Release|x86 = Release|x86
	EndGlobalSection
	GlobalSection(ProjectConfigurationPlatforms) = postSolution
		{A4E4281C-D974-464E-9B5D-F018A02ACB73}.Debug|Any CPU.ActiveCfg = Debug|Any CPU
		{A4E4281C-D974-464E-9B5D-F018A02ACB73}.Debug|Any CPU.Build.0 = Debug|Any CPU
		{A4E4281C-D974-464E-9B5D-F018A02ACB73}.Debug|x64.ActiveCfg = Debug|Any CPU
		{A4E4281C-D974-464E-9B5D-F018A02ACB73}.Debug|x64.Build.0 = Debug|Any CPU
		{A4E4281C-D974-464E-9B5D-F018A02ACB73}.Debug|x86.ActiveCfg = Debug|Any CPU
		{A4E4281C-D974-464E-9B5D-F018A02ACB73}.Debug|x86.Build.0 = Debug|Any CPU
		{A4E4281C-D974-464E-9B5D-F018A02ACB73}.Release|Any CPU.ActiveCfg = Release|Any CPU
		{A4E4281C-D974-464E-9B5D-F018A02ACB73}.Release|Any CPU.Build.0 = Release|Any CPU
		{A4E4281C-D974-464E-9B5D-F018A02ACB73}.Release|x64.ActiveCfg = Release|Any CPU
		{A4E4281C-D974-464E-9B5D-F018A02ACB73}.Release|x64.Build.0 = Release|Any CPU
		{A4E4281C-D974-464E-9B5D-F018A02ACB73}.Release|x86.ActiveCfg = Release|Any CPU
		{A4E4281C-D974-464E-9B5D-F018A02ACB73}.Release|x86.Build.0 = Release|Any CPU
		{4BF9EE9F-1F4C-4C01-A196-8A3AEF57BE0E}.Debug|Any CPU.ActiveCfg = Debug|Any CPU
		{4BF9EE9F-1F4C-4C01-A196-8A3AEF57BE0E}.Debug|Any CPU.Build.0 = Debug|Any CPU
		{4BF9EE9F-1F4C-4C01-A196-8A3AEF57BE0E}.Debug|x64.ActiveCfg = Debug|Any CPU
		{4BF9EE9F-1F4C-4C01-A196-8A3AEF57BE0E}.Debug|x64.Build.0 = Debug|Any CPU
		{4BF9EE9F-1F4C-4C01-A196-8A3AEF57BE0E}.Debug|x86.ActiveCfg = Debug|Any CPU
		{4BF9EE9F-1F4C-4C01-A196-8A3AEF57BE0E}.Debug|x86.Build.0 = Debug|Any CPU
		{4BF9EE9F-1F4C-4C01-A196-8A3AEF57BE0E}.Release|Any CPU.ActiveCfg = Release|Any CPU
		{4BF9EE9F-1F4C-4C01-A196-8A3AEF57BE0E}.Release|Any CPU.Build.0 = Release|Any CPU
		{4BF9EE9F-1F4C-4C01-A196-8A3AEF57BE0E}.Release|x64.ActiveCfg = Release|Any CPU
		{4BF9EE9F-1F4C-4C01-A196-8A3AEF57BE0E}.Release|x64.Build.0 = Release|Any CPU
		{4BF9EE9F-1F4C-4C01-A196-8A3AEF57BE0E}.Release|x86.ActiveCfg = Release|Any CPU
		{4BF9EE9F-1F4C-4C01-A196-8A3AEF57BE0E}.Release|x86.Build.0 = Release|Any CPU
		{60E75870-A706-4E1E-890C-18DC95DA33F7}.Debug|Any CPU.ActiveCfg = Debug|Any CPU
		{60E75870-A706-4E1E-890C-18DC95DA33F7}.Debug|Any CPU.Build.0 = Debug|Any CPU
		{60E75870-A706-4E1E-890C-18DC95DA33F7}.Debug|x64.ActiveCfg = Debug|Any CPU
		{60E75870-A706-4E1E-890C-18DC95DA33F7}.Debug|x64.Build.0 = Debug|Any CPU
		{60E75870-A706-4E1E-890C-18DC95DA33F7}.Debug|x86.ActiveCfg = Debug|Any CPU
		{60E75870-A706-4E1E-890C-18DC95DA33F7}.Debug|x86.Build.0 = Debug|Any CPU
		{60E75870-A706-4E1E-890C-18DC95DA33F7}.Release|Any CPU.ActiveCfg = Release|Any CPU
		{60E75870-A706-4E1E-890C-18DC95DA33F7}.Release|Any CPU.Build.0 = Release|Any CPU
		{60E75870-A706-4E1E-890C-18DC95DA33F7}.Release|x64.ActiveCfg = Release|Any CPU
		{60E75870-A706-4E1E-890C-18DC95DA33F7}.Release|x64.Build.0 = Release|Any CPU
		{60E75870-A706-4E1E-890C-18DC95DA33F7}.Release|x86.ActiveCfg = Release|Any CPU
		{60E75870-A706-4E1E-890C-18DC95DA33F7}.Release|x86.Build.0 = Release|Any CPU
		{230C7A6D-58B5-4EEB-BAB2-5865401684D6}.Debug|Any CPU.ActiveCfg = Debug|Any CPU
		{230C7A6D-58B5-4EEB-BAB2-5865401684D6}.Debug|Any CPU.Build.0 = Debug|Any CPU
		{230C7A6D-58B5-4EEB-BAB2-5865401684D6}.Debug|x64.ActiveCfg = Debug|Any CPU
		{230C7A6D-58B5-4EEB-BAB2-5865401684D6}.Debug|x64.Build.0 = Debug|Any CPU
		{230C7A6D-58B5-4EEB-BAB2-5865401684D6}.Debug|x86.ActiveCfg = Debug|Any CPU
		{230C7A6D-58B5-4EEB-BAB2-5865401684D6}.Debug|x86.Build.0 = Debug|Any CPU
		{230C7A6D-58B5-4EEB-BAB2-5865401684D6}.Release|Any CPU.ActiveCfg = Release|Any CPU
		{230C7A6D-58B5-4EEB-BAB2-5865401684D6}.Release|Any CPU.Build.0 = Release|Any CPU
		{230C7A6D-58B5-4EEB-BAB2-5865401684D6}.Release|x64.ActiveCfg = Release|Any CPU
		{230C7A6D-58B5-4EEB-BAB2-5865401684D6}.Release|x64.Build.0 = Release|Any CPU
		{230C7A6D-58B5-4EEB-BAB2-5865401684D6}.Release|x86.ActiveCfg = Release|Any CPU
		{230C7A6D-58B5-4EEB-BAB2-5865401684D6}.Release|x86.Build.0 = Release|Any CPU
		{DF293160-54CD-45B8-A7C7-C273A2EDF280}.Debug|Any CPU.ActiveCfg = Debug|Any CPU
		{DF293160-54CD-45B8-A7C7-C273A2EDF280}.Debug|Any CPU.Build.0 = Debug|Any CPU
		{DF293160-54CD-45B8-A7C7-C273A2EDF280}.Debug|x64.ActiveCfg = Debug|Any CPU
		{DF293160-54CD-45B8-A7C7-C273A2EDF280}.Debug|x64.Build.0 = Debug|Any CPU
		{DF293160-54CD-45B8-A7C7-C273A2EDF280}.Debug|x86.ActiveCfg = Debug|Any CPU
		{DF293160-54CD-45B8-A7C7-C273A2EDF280}.Debug|x86.Build.0 = Debug|Any CPU
		{DF293160-54CD-45B8-A7C7-C273A2EDF280}.Release|Any CPU.ActiveCfg = Release|Any CPU
		{DF293160-54CD-45B8-A7C7-C273A2EDF280}.Release|Any CPU.Build.0 = Release|Any CPU
		{DF293160-54CD-45B8-A7C7-C273A2EDF280}.Release|x64.ActiveCfg = Release|Any CPU
		{DF293160-54CD-45B8-A7C7-C273A2EDF280}.Release|x64.Build.0 = Release|Any CPU
		{DF293160-54CD-45B8-A7C7-C273A2EDF280}.Release|x86.ActiveCfg = Release|Any CPU
		{DF293160-54CD-45B8-A7C7-C273A2EDF280}.Release|x86.Build.0 = Release|Any CPU
		{A5925D73-8045-4D2F-AA7C-2D2F8A71E3AB}.Debug|Any CPU.ActiveCfg = Debug|Any CPU
		{A5925D73-8045-4D2F-AA7C-2D2F8A71E3AB}.Debug|Any CPU.Build.0 = Debug|Any CPU
		{A5925D73-8045-4D2F-AA7C-2D2F8A71E3AB}.Debug|x64.ActiveCfg = Debug|Any CPU
		{A5925D73-8045-4D2F-AA7C-2D2F8A71E3AB}.Debug|x64.Build.0 = Debug|Any CPU
		{A5925D73-8045-4D2F-AA7C-2D2F8A71E3AB}.Debug|x86.ActiveCfg = Debug|Any CPU
		{A5925D73-8045-4D2F-AA7C-2D2F8A71E3AB}.Debug|x86.Build.0 = Debug|Any CPU
		{A5925D73-8045-4D2F-AA7C-2D2F8A71E3AB}.Release|Any CPU.ActiveCfg = Release|Any CPU
		{A5925D73-8045-4D2F-AA7C-2D2F8A71E3AB}.Release|Any CPU.Build.0 = Release|Any CPU
		{A5925D73-8045-4D2F-AA7C-2D2F8A71E3AB}.Release|x64.ActiveCfg = Release|Any CPU
		{A5925D73-8045-4D2F-AA7C-2D2F8A71E3AB}.Release|x64.Build.0 = Release|Any CPU
		{A5925D73-8045-4D2F-AA7C-2D2F8A71E3AB}.Release|x86.ActiveCfg = Release|Any CPU
		{A5925D73-8045-4D2F-AA7C-2D2F8A71E3AB}.Release|x86.Build.0 = Release|Any CPU
		{4104DF68-31F3-4A9F-8DA8-C5905BEA96AF}.Debug|Any CPU.ActiveCfg = Debug|Any CPU
		{4104DF68-31F3-4A9F-8DA8-C5905BEA96AF}.Debug|Any CPU.Build.0 = Debug|Any CPU
		{4104DF68-31F3-4A9F-8DA8-C5905BEA96AF}.Debug|x64.ActiveCfg = Debug|Any CPU
		{4104DF68-31F3-4A9F-8DA8-C5905BEA96AF}.Debug|x64.Build.0 = Debug|Any CPU
		{4104DF68-31F3-4A9F-8DA8-C5905BEA96AF}.Debug|x86.ActiveCfg = Debug|Any CPU
		{4104DF68-31F3-4A9F-8DA8-C5905BEA96AF}.Debug|x86.Build.0 = Debug|Any CPU
		{4104DF68-31F3-4A9F-8DA8-C5905BEA96AF}.Release|Any CPU.ActiveCfg = Release|Any CPU
		{4104DF68-31F3-4A9F-8DA8-C5905BEA96AF}.Release|Any CPU.Build.0 = Release|Any CPU
		{4104DF68-31F3-4A9F-8DA8-C5905BEA96AF}.Release|x64.ActiveCfg = Release|Any CPU
		{4104DF68-31F3-4A9F-8DA8-C5905BEA96AF}.Release|x64.Build.0 = Release|Any CPU
		{4104DF68-31F3-4A9F-8DA8-C5905BEA96AF}.Release|x86.ActiveCfg = Release|Any CPU
		{4104DF68-31F3-4A9F-8DA8-C5905BEA96AF}.Release|x86.Build.0 = Release|Any CPU
		{772A3751-F526-420B-B10D-5D7F59B020B7}.Debug|Any CPU.ActiveCfg = Debug|Any CPU
		{772A3751-F526-420B-B10D-5D7F59B020B7}.Debug|Any CPU.Build.0 = Debug|Any CPU
		{772A3751-F526-420B-B10D-5D7F59B020B7}.Debug|x64.ActiveCfg = Debug|Any CPU
		{772A3751-F526-420B-B10D-5D7F59B020B7}.Debug|x64.Build.0 = Debug|Any CPU
		{772A3751-F526-420B-B10D-5D7F59B020B7}.Debug|x86.ActiveCfg = Debug|Any CPU
		{772A3751-F526-420B-B10D-5D7F59B020B7}.Debug|x86.Build.0 = Debug|Any CPU
		{772A3751-F526-420B-B10D-5D7F59B020B7}.Release|Any CPU.ActiveCfg = Release|Any CPU
		{772A3751-F526-420B-B10D-5D7F59B020B7}.Release|Any CPU.Build.0 = Release|Any CPU
		{772A3751-F526-420B-B10D-5D7F59B020B7}.Release|x64.ActiveCfg = Release|Any CPU
		{772A3751-F526-420B-B10D-5D7F59B020B7}.Release|x64.Build.0 = Release|Any CPU
		{772A3751-F526-420B-B10D-5D7F59B020B7}.Release|x86.ActiveCfg = Release|Any CPU
		{772A3751-F526-420B-B10D-5D7F59B020B7}.Release|x86.Build.0 = Release|Any CPU
	EndGlobalSection
	GlobalSection(SolutionProperties) = preSolution
		HideSolutionNode = FALSE
	EndGlobalSection
	GlobalSection(NestedProjects) = preSolution
		{A4E4281C-D974-464E-9B5D-F018A02ACB73} = {827E0CD3-B72D-47B6-A68D-7590B98EB39B}
		{4BF9EE9F-1F4C-4C01-A196-8A3AEF57BE0E} = {827E0CD3-B72D-47B6-A68D-7590B98EB39B}
		{60E75870-A706-4E1E-890C-18DC95DA33F7} = {827E0CD3-B72D-47B6-A68D-7590B98EB39B}
		{230C7A6D-58B5-4EEB-BAB2-5865401684D6} = {827E0CD3-B72D-47B6-A68D-7590B98EB39B}
		{DF293160-54CD-45B8-A7C7-C273A2EDF280} = {0AB3BF05-4346-4AA6-1389-037BE0695223}
		{A5925D73-8045-4D2F-AA7C-2D2F8A71E3AB} = {0AB3BF05-4346-4AA6-1389-037BE0695223}
		{4104DF68-31F3-4A9F-8DA8-C5905BEA96AF} = {0AB3BF05-4346-4AA6-1389-037BE0695223}
		{772A3751-F526-420B-B10D-5D7F59B020B7} = {0AB3BF05-4346-4AA6-1389-037BE0695223}
	EndGlobalSection
EndGlobal
